
Microsoft Visual Studio Solution File, Format Version 12.00
# Visual Studio 15
VisualStudioVersion = 15.0.28307.136
MinimumVisualStudioVersion = 10.0.40219.1
Project("{FAE04EC0-301F-11D3-BF4B-00C04F79EFBC}") = "ReproApp", "ReproApp\ReproApp.Core.csproj", "{57C582F5-3D2D-4521-B822-B89F90BABA5F}"
EndProject
Global
	GlobalSection(SolutionConfigurationPlatforms) = preSolution
		Debug|Any CPU = Debug|Any CPU
		Release|Any CPU = Release|Any CPU
	EndGlobalSection
	GlobalSection(ProjectConfigurationPlatforms) = postSolution
		{57C582F5-3D2D-4521-B822-B89F90BABA5F}.Debug|Any CPU.ActiveCfg = Debug|Any CPU
		{57C582F5-3D2D-4521-B822-B89F90BABA5F}.Debug|Any CPU.Build.0 = Debug|Any CPU
		{57C582F5-3D2D-4521-B822-B89F90BABA5F}.Release|Any CPU.ActiveCfg = Release|Any CPU
		{57C582F5-3D2D-4521-B822-B89F90BABA5F}.Release|Any CPU.Build.0 = Release|Any CPU
	EndGlobalSection
	GlobalSection(SolutionProperties) = preSolution
		HideSolutionNode = FALSE
	EndGlobalSection
	GlobalSection(ExtensibilityGlobals) = postSolution
		SolutionGuid = {209DE35A-6FDD-41D4-A144-2BC373213640}
	EndGlobalSection
EndGlobal
